
Microsoft Visual Studio Solution File, Format Version 12.00
# Visual Studio Version 16
VisualStudioVersion = 16.0.31321.278
MinimumVisualStudioVersion = 10.0.40219.1
Project("{FAE04EC0-301F-11D3-BF4B-00C04F79EFBC}") = "Facade tool", "Facade tool.csproj", "{723102C0-8422-4E47-9D2B-C299B7AFEC11}"
EndProject
Global
	GlobalSection(SolutionConfigurationPlatforms) = preSolution
		Debug|Any CPU = Debug|Any CPU
		Release|Any CPU = Release|Any CPU
	EndGlobalSection
	GlobalSection(ProjectConfigurationPlatforms) = postSolution
		{723102C0-8422-4E47-9D2B-C299B7AFEC11}.Debug|Any CPU.ActiveCfg = Debug|Any CPU
		{723102C0-8422-4E47-9D2B-C299B7AFEC11}.Debug|Any CPU.Build.0 = Debug|Any CPU
		{723102C0-8422-4E47-9D2B-C299B7AFEC11}.Release|Any CPU.ActiveCfg = Release|Any CPU
		{723102C0-8422-4E47-9D2B-C299B7AFEC11}.Release|Any CPU.Build.0 = Release|Any CPU
	EndGlobalSection
	GlobalSection(SolutionProperties) = preSolution
		HideSolutionNode = FALSE
	EndGlobalSection
	GlobalSection(ExtensibilityGlobals) = postSolution
		SolutionGuid = {0BA0B821-FD80-40B8-A3AA-2B51A9C87672}
	EndGlobalSection
EndGlobal
